
Microsoft Visual Studio Solution File, Format Version 12.00
# Visual Studio Version 16
VisualStudioVersion = 16.0.31410.357
MinimumVisualStudioVersion = 10.0.40219.1
Project("{9A19103F-16F7-4668-BE54-9A1E7A4F7556}") = "CinemaPlus", "CinemaPlus\CinemaPlus.csproj", "{513EAC88-7E49-4EBA-81C8-61795DF29B98}"
EndProject
Project("{9A19103F-16F7-4668-BE54-9A1E7A4F7556}") = "AdminPanel", "AdminPanel\AdminPanel.csproj", "{F62E30F8-915F-4E4C-9BF4-272151D74C2D}"
EndProject
Project("{9A19103F-16F7-4668-BE54-9A1E7A4F7556}") = "Entity", "Entity\Entity.csproj", "{66659D9A-DEDC-4E74-B2F4-FE2D9BA821D0}"
EndProject
Project("{9A19103F-16F7-4668-BE54-9A1E7A4F7556}") = "Core", "Core\Core.csproj", "{CD337AAD-5884-43CD-9483-E941528595DB}"
EndProject
Project("{9A19103F-16F7-4668-BE54-9A1E7A4F7556}") = "DataAccess", "DataAccess\DataAccess.csproj", "{CEF882FF-FD2C-4F68-A6DC-07837348A769}"
EndProject
Project("{9A19103F-16F7-4668-BE54-9A1E7A4F7556}") = "Buisness", "Buisness\Buisness.csproj", "{3BB69252-661E-42F2-A47A-46B81F2B0467}"
EndProject
Project("{FAE04EC0-301F-11D3-BF4B-00C04F79EFBC}") = "Common", "Common\Common.csproj", "{02B6106E-C6DA-4C1B-911F-317A9241727D}"
EndProject
Global
	GlobalSection(SolutionConfigurationPlatforms) = preSolution
		Debug|Any CPU = Debug|Any CPU
		Release|Any CPU = Release|Any CPU
	EndGlobalSection
	GlobalSection(ProjectConfigurationPlatforms) = postSolution
		{513EAC88-7E49-4EBA-81C8-61795DF29B98}.Debug|Any CPU.ActiveCfg = Debug|Any CPU
		{513EAC88-7E49-4EBA-81C8-61795DF29B98}.Debug|Any CPU.Build.0 = Debug|Any CPU
		{513EAC88-7E49-4EBA-81C8-61795DF29B98}.Release|Any CPU.ActiveCfg = Release|Any CPU
		{513EAC88-7E49-4EBA-81C8-61795DF29B98}.Release|Any CPU.Build.0 = Release|Any CPU
		{F62E30F8-915F-4E4C-9BF4-272151D74C2D}.Debug|Any CPU.ActiveCfg = Debug|Any CPU
		{F62E30F8-915F-4E4C-9BF4-272151D74C2D}.Debug|Any CPU.Build.0 = Debug|Any CPU
		{F62E30F8-915F-4E4C-9BF4-272151D74C2D}.Release|Any CPU.ActiveCfg = Release|Any CPU
		{F62E30F8-915F-4E4C-9BF4-272151D74C2D}.Release|Any CPU.Build.0 = Release|Any CPU
		{66659D9A-DEDC-4E74-B2F4-FE2D9BA821D0}.Debug|Any CPU.ActiveCfg = Debug|Any CPU
		{66659D9A-DEDC-4E74-B2F4-FE2D9BA821D0}.Debug|Any CPU.Build.0 = Debug|Any CPU
		{66659D9A-DEDC-4E74-B2F4-FE2D9BA821D0}.Release|Any CPU.ActiveCfg = Release|Any CPU
		{66659D9A-DEDC-4E74-B2F4-FE2D9BA821D0}.Release|Any CPU.Build.0 = Release|Any CPU
		{CD337AAD-5884-43CD-9483-E941528595DB}.Debug|Any CPU.ActiveCfg = Debug|Any CPU
		{CD337AAD-5884-43CD-9483-E941528595DB}.Debug|Any CPU.Build.0 = Debug|Any CPU
		{CD337AAD-5884-43CD-9483-E941528595DB}.Release|Any CPU.ActiveCfg = Release|Any CPU
		{CD337AAD-5884-43CD-9483-E941528595DB}.Release|Any CPU.Build.0 = Release|Any CPU
		{CEF882FF-FD2C-4F68-A6DC-07837348A769}.Debug|Any CPU.ActiveCfg = Debug|Any CPU
		{CEF882FF-FD2C-4F68-A6DC-07837348A769}.Debug|Any CPU.Build.0 = Debug|Any CPU
		{CEF882FF-FD2C-4F68-A6DC-07837348A769}.Release|Any CPU.ActiveCfg = Release|Any CPU
		{CEF882FF-FD2C-4F68-A6DC-07837348A769}.Release|Any CPU.Build.0 = Release|Any CPU
		{3BB69252-661E-42F2-A47A-46B81F2B0467}.Debug|Any CPU.ActiveCfg = Debug|Any CPU
		{3BB69252-661E-42F2-A47A-46B81F2B0467}.Debug|Any CPU.Build.0 = Debug|Any CPU
		{3BB69252-661E-42F2-A47A-46B81F2B0467}.Release|Any CPU.ActiveCfg = Release|Any CPU
		{3BB69252-661E-42F2-A47A-46B81F2B0467}.Release|Any CPU.Build.0 = Release|Any CPU
		{02B6106E-C6DA-4C1B-911F-317A9241727D}.Debug|Any CPU.ActiveCfg = Debug|Any CPU
		{02B6106E-C6DA-4C1B-911F-317A9241727D}.Debug|Any CPU.Build.0 = Debug|Any CPU
		{02B6106E-C6DA-4C1B-911F-317A9241727D}.Release|Any CPU.ActiveCfg = Release|Any CPU
		{02B6106E-C6DA-4C1B-911F-317A9241727D}.Release|Any CPU.Build.0 = Release|Any CPU
	EndGlobalSection
	GlobalSection(SolutionProperties) = preSolution
		HideSolutionNode = FALSE
	EndGlobalSection
	GlobalSection(ExtensibilityGlobals) = postSolution
		SolutionGuid = {A78DF28A-6BEA-466F-8B01-A52988A35E89}
	EndGlobalSection
EndGlobal
