
Microsoft Visual Studio Solution File, Format Version 12.00
# Visual Studio Version 16
VisualStudioVersion = 16.0.31410.357
MinimumVisualStudioVersion = 10.0.40219.1
Project("{9A19103F-16F7-4668-BE54-9A1E7A4F7556}") = "CinemaPlus", "CinemaPlus\CinemaPlus.csproj", "{513EAC88-7E49-4EBA-81C8-61795DF29B98}"
EndProject
Project("{9A19103F-16F7-4668-BE54-9A1E7A4F7556}") = "Entities", "Entities\Entities.csproj", "{40845430-E473-4E7D-8ACE-CE69925591CD}"
EndProject
Project("{9A19103F-16F7-4668-BE54-9A1E7A4F7556}") = "DataAccessLayer", "DataAccessLayer\DataAccessLayer.csproj", "{C9808E8E-F3BF-45CB-99A1-A31045A9F5E1}"
EndProject
Project("{9A19103F-16F7-4668-BE54-9A1E7A4F7556}") = "AdminPanel", "AdminPanel\AdminPanel.csproj", "{F62E30F8-915F-4E4C-9BF4-272151D74C2D}"
EndProject
Global
	GlobalSection(SolutionConfigurationPlatforms) = preSolution
		Debug|Any CPU = Debug|Any CPU
		Release|Any CPU = Release|Any CPU
	EndGlobalSection
	GlobalSection(ProjectConfigurationPlatforms) = postSolution
		{513EAC88-7E49-4EBA-81C8-61795DF29B98}.Debug|Any CPU.ActiveCfg = Debug|Any CPU
		{513EAC88-7E49-4EBA-81C8-61795DF29B98}.Debug|Any CPU.Build.0 = Debug|Any CPU
		{513EAC88-7E49-4EBA-81C8-61795DF29B98}.Release|Any CPU.ActiveCfg = Release|Any CPU
		{513EAC88-7E49-4EBA-81C8-61795DF29B98}.Release|Any CPU.Build.0 = Release|Any CPU
		{40845430-E473-4E7D-8ACE-CE69925591CD}.Debug|Any CPU.ActiveCfg = Debug|Any CPU
		{40845430-E473-4E7D-8ACE-CE69925591CD}.Debug|Any CPU.Build.0 = Debug|Any CPU
		{40845430-E473-4E7D-8ACE-CE69925591CD}.Release|Any CPU.ActiveCfg = Release|Any CPU
		{40845430-E473-4E7D-8ACE-CE69925591CD}.Release|Any CPU.Build.0 = Release|Any CPU
		{C9808E8E-F3BF-45CB-99A1-A31045A9F5E1}.Debug|Any CPU.ActiveCfg = Debug|Any CPU
		{C9808E8E-F3BF-45CB-99A1-A31045A9F5E1}.Debug|Any CPU.Build.0 = Debug|Any CPU
		{C9808E8E-F3BF-45CB-99A1-A31045A9F5E1}.Release|Any CPU.ActiveCfg = Release|Any CPU
		{C9808E8E-F3BF-45CB-99A1-A31045A9F5E1}.Release|Any CPU.Build.0 = Release|Any CPU
		{F62E30F8-915F-4E4C-9BF4-272151D74C2D}.Debug|Any CPU.ActiveCfg = Debug|Any CPU
		{F62E30F8-915F-4E4C-9BF4-272151D74C2D}.Debug|Any CPU.Build.0 = Debug|Any CPU
		{F62E30F8-915F-4E4C-9BF4-272151D74C2D}.Release|Any CPU.ActiveCfg = Release|Any CPU
		{F62E30F8-915F-4E4C-9BF4-272151D74C2D}.Release|Any CPU.Build.0 = Release|Any CPU
	EndGlobalSection
	GlobalSection(SolutionProperties) = preSolution
		HideSolutionNode = FALSE
	EndGlobalSection
	GlobalSection(ExtensibilityGlobals) = postSolution
		SolutionGuid = {A78DF28A-6BEA-466F-8B01-A52988A35E89}
	EndGlobalSection
EndGlobal
